
Microsoft Visual Studio Solution File, Format Version 12.00
# Visual Studio Version 17
VisualStudioVersion = 17.3.32901.215
MinimumVisualStudioVersion = 10.0.40219.1
Project("{9A19103F-16F7-4668-BE54-9A1E7A4F7556}") = "5.0.1", "SF Module 5\5.0.1.csproj", "{32511544-E8E5-4AFC-BEB9-FF63B95E3068}"
EndProject
Project("{9A19103F-16F7-4668-BE54-9A1E7A4F7556}") = "5.1.0", "5.1.0\5.1.0.csproj", "{9A4D81B0-7A74-445E-A92D-2568748C4FF7}"
EndProject
Project("{9A19103F-16F7-4668-BE54-9A1E7A4F7556}") = "5.1.6", "5.1.6\5.1.6.csproj", "{68004A58-27DC-4C9B-B360-66E85888F8E6}"
EndProject
Project("{FAE04EC0-301F-11D3-BF4B-00C04F79EFBC}") = "5.2.2", "5.2.2\5.2.2.csproj", "{232C9712-15D7-4497-844B-2E84F704082D}"
EndProject
Global
	GlobalSection(SolutionConfigurationPlatforms) = preSolution
		Debug|Any CPU = Debug|Any CPU
		Release|Any CPU = Release|Any CPU
	EndGlobalSection
	GlobalSection(ProjectConfigurationPlatforms) = postSolution
		{32511544-E8E5-4AFC-BEB9-FF63B95E3068}.Debug|Any CPU.ActiveCfg = Debug|Any CPU
		{32511544-E8E5-4AFC-BEB9-FF63B95E3068}.Debug|Any CPU.Build.0 = Debug|Any CPU
		{32511544-E8E5-4AFC-BEB9-FF63B95E3068}.Release|Any CPU.ActiveCfg = Release|Any CPU
		{32511544-E8E5-4AFC-BEB9-FF63B95E3068}.Release|Any CPU.Build.0 = Release|Any CPU
		{9A4D81B0-7A74-445E-A92D-2568748C4FF7}.Debug|Any CPU.ActiveCfg = Debug|Any CPU
		{9A4D81B0-7A74-445E-A92D-2568748C4FF7}.Debug|Any CPU.Build.0 = Debug|Any CPU
		{9A4D81B0-7A74-445E-A92D-2568748C4FF7}.Release|Any CPU.ActiveCfg = Release|Any CPU
		{9A4D81B0-7A74-445E-A92D-2568748C4FF7}.Release|Any CPU.Build.0 = Release|Any CPU
		{68004A58-27DC-4C9B-B360-66E85888F8E6}.Debug|Any CPU.ActiveCfg = Debug|Any CPU
		{68004A58-27DC-4C9B-B360-66E85888F8E6}.Debug|Any CPU.Build.0 = Debug|Any CPU
		{68004A58-27DC-4C9B-B360-66E85888F8E6}.Release|Any CPU.ActiveCfg = Release|Any CPU
		{68004A58-27DC-4C9B-B360-66E85888F8E6}.Release|Any CPU.Build.0 = Release|Any CPU
		{232C9712-15D7-4497-844B-2E84F704082D}.Debug|Any CPU.ActiveCfg = Debug|Any CPU
		{232C9712-15D7-4497-844B-2E84F704082D}.Debug|Any CPU.Build.0 = Debug|Any CPU
		{232C9712-15D7-4497-844B-2E84F704082D}.Release|Any CPU.ActiveCfg = Release|Any CPU
		{232C9712-15D7-4497-844B-2E84F704082D}.Release|Any CPU.Build.0 = Release|Any CPU
	EndGlobalSection
	GlobalSection(SolutionProperties) = preSolution
		HideSolutionNode = FALSE
	EndGlobalSection
	GlobalSection(ExtensibilityGlobals) = postSolution
		SolutionGuid = {4892DB1B-2B91-4BF6-8531-EABA3D226CB9}
	EndGlobalSection
EndGlobal
